
Microsoft Visual Studio Solution File, Format Version 12.00
# Visual Studio Version 16
VisualStudioVersion = 16.0.28922.388
MinimumVisualStudioVersion = 10.0.40219.1
Project("{9A19103F-16F7-4668-BE54-9A1E7A4F7556}") = "_03_Convert类型转换", "_03_类型转换\_03_Convert类型转换.csproj", "{AEDAB32D-88BC-4FDB-8F6B-55219BD4286F}"
EndProject
Project("{9A19103F-16F7-4668-BE54-9A1E7A4F7556}") = "_04_加加减减", "_04_加加减减\_04_加加减减.csproj", "{437BBA65-A14C-43EF-B91D-AAC3557619BF}"
EndProject
Project("{9A19103F-16F7-4668-BE54-9A1E7A4F7556}") = "_02_两道作业题", "_02_两道作业题\_02_两道作业题.csproj", "{5931CCA4-03B1-4652-BD0B-DF06500D6D89}"
EndProject
Project("{FAE04EC0-301F-11D3-BF4B-00C04F79EFBC}") = "_05_逻辑运算符", "_05_逻辑运算符\_05_逻辑运算符.csproj", "{E7A24563-A47F-4B29-849A-5F01E4A27C8B}"
EndProject
Project("{FAE04EC0-301F-11D3-BF4B-00C04F79EFBC}") = "_06_判断闰年", "_06_判断闰年\_06_判断闰年.csproj", "{43B775B5-3294-4B43-9FB8-4D5122870959}"
EndProject
Project("{FAE04EC0-301F-11D3-BF4B-00C04F79EFBC}") = "_07_if结构", "_07_if结构\_07_if结构.csproj", "{06890E58-4EFF-4766-97EA-B2FA27E3CF59}"
EndProject
Project("{FAE04EC0-301F-11D3-BF4B-00C04F79EFBC}") = "_08_if_else结构", "_08_if_else结构\_08_if_else结构.csproj", "{20EC71BA-3D80-4170-B663-3DA2EE55B123}"
EndProject
Project("{FAE04EC0-301F-11D3-BF4B-00C04F79EFBC}") = "_09_练习", "_09_练习\_09_练习.csproj", "{BA8DB1E4-862D-437B-8126-ABDE572F7B8F}"
EndProject
Global
	GlobalSection(SolutionConfigurationPlatforms) = preSolution
		Debug|Any CPU = Debug|Any CPU
		Release|Any CPU = Release|Any CPU
	EndGlobalSection
	GlobalSection(ProjectConfigurationPlatforms) = postSolution
		{AEDAB32D-88BC-4FDB-8F6B-55219BD4286F}.Debug|Any CPU.ActiveCfg = Debug|Any CPU
		{AEDAB32D-88BC-4FDB-8F6B-55219BD4286F}.Debug|Any CPU.Build.0 = Debug|Any CPU
		{AEDAB32D-88BC-4FDB-8F6B-55219BD4286F}.Release|Any CPU.ActiveCfg = Release|Any CPU
		{AEDAB32D-88BC-4FDB-8F6B-55219BD4286F}.Release|Any CPU.Build.0 = Release|Any CPU
		{437BBA65-A14C-43EF-B91D-AAC3557619BF}.Debug|Any CPU.ActiveCfg = Debug|Any CPU
		{437BBA65-A14C-43EF-B91D-AAC3557619BF}.Debug|Any CPU.Build.0 = Debug|Any CPU
		{437BBA65-A14C-43EF-B91D-AAC3557619BF}.Release|Any CPU.ActiveCfg = Release|Any CPU
		{437BBA65-A14C-43EF-B91D-AAC3557619BF}.Release|Any CPU.Build.0 = Release|Any CPU
		{5931CCA4-03B1-4652-BD0B-DF06500D6D89}.Debug|Any CPU.ActiveCfg = Debug|Any CPU
		{5931CCA4-03B1-4652-BD0B-DF06500D6D89}.Debug|Any CPU.Build.0 = Debug|Any CPU
		{5931CCA4-03B1-4652-BD0B-DF06500D6D89}.Release|Any CPU.ActiveCfg = Release|Any CPU
		{5931CCA4-03B1-4652-BD0B-DF06500D6D89}.Release|Any CPU.Build.0 = Release|Any CPU
		{E7A24563-A47F-4B29-849A-5F01E4A27C8B}.Debug|Any CPU.ActiveCfg = Debug|Any CPU
		{E7A24563-A47F-4B29-849A-5F01E4A27C8B}.Debug|Any CPU.Build.0 = Debug|Any CPU
		{E7A24563-A47F-4B29-849A-5F01E4A27C8B}.Release|Any CPU.ActiveCfg = Release|Any CPU
		{E7A24563-A47F-4B29-849A-5F01E4A27C8B}.Release|Any CPU.Build.0 = Release|Any CPU
		{43B775B5-3294-4B43-9FB8-4D5122870959}.Debug|Any CPU.ActiveCfg = Debug|Any CPU
		{43B775B5-3294-4B43-9FB8-4D5122870959}.Debug|Any CPU.Build.0 = Debug|Any CPU
		{43B775B5-3294-4B43-9FB8-4D5122870959}.Release|Any CPU.ActiveCfg = Release|Any CPU
		{43B775B5-3294-4B43-9FB8-4D5122870959}.Release|Any CPU.Build.0 = Release|Any CPU
		{06890E58-4EFF-4766-97EA-B2FA27E3CF59}.Debug|Any CPU.ActiveCfg = Debug|Any CPU
		{06890E58-4EFF-4766-97EA-B2FA27E3CF59}.Debug|Any CPU.Build.0 = Debug|Any CPU
		{06890E58-4EFF-4766-97EA-B2FA27E3CF59}.Release|Any CPU.ActiveCfg = Release|Any CPU
		{06890E58-4EFF-4766-97EA-B2FA27E3CF59}.Release|Any CPU.Build.0 = Release|Any CPU
		{20EC71BA-3D80-4170-B663-3DA2EE55B123}.Debug|Any CPU.ActiveCfg = Debug|Any CPU
		{20EC71BA-3D80-4170-B663-3DA2EE55B123}.Debug|Any CPU.Build.0 = Debug|Any CPU
		{20EC71BA-3D80-4170-B663-3DA2EE55B123}.Release|Any CPU.ActiveCfg = Release|Any CPU
		{20EC71BA-3D80-4170-B663-3DA2EE55B123}.Release|Any CPU.Build.0 = Release|Any CPU
		{BA8DB1E4-862D-437B-8126-ABDE572F7B8F}.Debug|Any CPU.ActiveCfg = Debug|Any CPU
		{BA8DB1E4-862D-437B-8126-ABDE572F7B8F}.Debug|Any CPU.Build.0 = Debug|Any CPU
		{BA8DB1E4-862D-437B-8126-ABDE572F7B8F}.Release|Any CPU.ActiveCfg = Release|Any CPU
		{BA8DB1E4-862D-437B-8126-ABDE572F7B8F}.Release|Any CPU.Build.0 = Release|Any CPU
	EndGlobalSection
	GlobalSection(SolutionProperties) = preSolution
		HideSolutionNode = FALSE
	EndGlobalSection
	GlobalSection(ExtensibilityGlobals) = postSolution
		SolutionGuid = {CFF40C8D-C989-4ADF-87BC-47BA7BF223D8}
	EndGlobalSection
EndGlobal
